// !$*UTF8*$!
{
	archiveVersion = 1;
	classes = {
	};
	objectVersion = 56;
	objects = {

/* Begin PBXBuildFile section */
		FD25100929EDD23400812FED /* AppDelegate.swift in Sources */ = {isa = PBXBuildFile; fileRef = FD25100829EDD23400812FED /* AppDelegate.swift */; };
		FD25100B29EDD23400812FED /* SceneDelegate.swift in Sources */ = {isa = PBXBuildFile; fileRef = FD25100A29EDD23400812FED /* SceneDelegate.swift */; };
		FD25101029EDD23400812FED /* Main.storyboard in Resources */ = {isa = PBXBuildFile; fileRef = FD25100E29EDD23400812FED /* Main.storyboard */; };
		FD25101229EDD23400812FED /* Assets.xcassets in Resources */ = {isa = PBXBuildFile; fileRef = FD25101129EDD23400812FED /* Assets.xcassets */; };
		FD25101529EDD23400812FED /* LaunchScreen.storyboard in Resources */ = {isa = PBXBuildFile; fileRef = FD25101329EDD23400812FED /* LaunchScreen.storyboard */; };
		FD25101D29EDD47500812FED /* Person.swift in Sources */ = {isa = PBXBuildFile; fileRef = FD25101C29EDD47500812FED /* Person.swift */; };
		FD25101F29EDD48200812FED /* DataStore.swift in Sources */ = {isa = PBXBuildFile; fileRef = FD25101E29EDD48200812FED /* DataStore.swift */; };
		FD676C4229EE54F60095B432 /* ContactTableViewController.swift in Sources */ = {isa = PBXBuildFile; fileRef = FD676C4129EE54F60095B432 /* ContactTableViewController.swift */; };
		FD676C4429EEC8110095B432 /* DetailContactViewController.swift in Sources */ = {isa = PBXBuildFile; fileRef = FD676C4329EEC8110095B432 /* DetailContactViewController.swift */; };
		FD676C4A29EECEA40095B432 /* TabBarController.swift in Sources */ = {isa = PBXBuildFile; fileRef = FD676C4929EECEA40095B432 /* TabBarController.swift */; };
		FD676C4C29EEE4C50095B432 /* FullContactTableViewController.swift in Sources */ = {isa = PBXBuildFile; fileRef = FD676C4B29EEE4C50095B432 /* FullContactTableViewController.swift */; };
/* End PBXBuildFile section */

/* Begin PBXFileReference section */
		FD25100529EDD23400812FED /* ContactList.app */ = {isa = PBXFileReference; explicitFileType = wrapper.application; includeInIndex = 0; path = ContactList.app; sourceTree = BUILT_PRODUCTS_DIR; };
		FD25100829EDD23400812FED /* AppDelegate.swift */ = {isa = PBXFileReference; lastKnownFileType = sourcecode.swift; path = AppDelegate.swift; sourceTree = "<group>"; };
		FD25100A29EDD23400812FED /* SceneDelegate.swift */ = {isa = PBXFileReference; lastKnownFileType = sourcecode.swift; path = SceneDelegate.swift; sourceTree = "<group>"; };
		FD25100F29EDD23400812FED /* Base */ = {isa = PBXFileReference; lastKnownFileType = file.storyboard; name = Base; path = Base.lproj/Main.storyboard; sourceTree = "<group>"; };
		FD25101129EDD23400812FED /* Assets.xcassets */ = {isa = PBXFileReference; lastKnownFileType = folder.assetcatalog; path = Assets.xcassets; sourceTree = "<group>"; };
		FD25101429EDD23400812FED /* Base */ = {isa = PBXFileReference; lastKnownFileType = file.storyboard; name = Base; path = Base.lproj/LaunchScreen.storyboard; sourceTree = "<group>"; };
		FD25101629EDD23400812FED /* Info.plist */ = {isa = PBXFileReference; lastKnownFileType = text.plist.xml; path = Info.plist; sourceTree = "<group>"; };
		FD25101C29EDD47500812FED /* Person.swift */ = {isa = PBXFileReference; lastKnownFileType = sourcecode.swift; path = Person.swift; sourceTree = "<group>"; };
		FD25101E29EDD48200812FED /* DataStore.swift */ = {isa = PBXFileReference; lastKnownFileType = sourcecode.swift; path = DataStore.swift; sourceTree = "<group>"; };
		FD676C4129EE54F60095B432 /* ContactTableViewController.swift */ = {isa = PBXFileReference; lastKnownFileType = sourcecode.swift; path = ContactTableViewController.swift; sourceTree = "<group>"; };
		FD676C4329EEC8110095B432 /* DetailContactViewController.swift */ = {isa = PBXFileReference; lastKnownFileType = sourcecode.swift; path = DetailContactViewController.swift; sourceTree = "<group>"; };
		FD676C4929EECEA40095B432 /* TabBarController.swift */ = {isa = PBXFileReference; lastKnownFileType = sourcecode.swift; path = TabBarController.swift; sourceTree = "<group>"; };
		FD676C4B29EEE4C50095B432 /* FullContactTableViewController.swift */ = {isa = PBXFileReference; lastKnownFileType = sourcecode.swift; path = FullContactTableViewController.swift; sourceTree = "<group>"; };
/* End PBXFileReference section */

/* Begin PBXFrameworksBuildPhase section */
		FD25100229EDD23400812FED /* Frameworks */ = {
			isa = PBXFrameworksBuildPhase;
			buildActionMask = 2147483647;
			files = (
			);
			runOnlyForDeploymentPostprocessing = 0;
		};
/* End PBXFrameworksBuildPhase section */

/* Begin PBXGroup section */
		FD250FFC29EDD23400812FED = {
			isa = PBXGroup;
			children = (
				FD25100729EDD23400812FED /* ContactList */,
				FD25100629EDD23400812FED /* Products */,
			);
			sourceTree = "<group>";
		};
		FD25100629EDD23400812FED /* Products */ = {
			isa = PBXGroup;
			children = (
				FD25100529EDD23400812FED /* ContactList.app */,
			);
			name = Products;
			sourceTree = "<group>";
		};
		FD25100729EDD23400812FED /* ContactList */ = {
			isa = PBXGroup;
			children = (
				FD676C4529EECC010095B432 /* ViewControllers */,
				FD676C4729EECC290095B432 /* Models */,
				FD676C4629EECC140095B432 /* Storyboards */,
				FD676C4829EECC4C0095B432 /* Services */,
				FD25100A29EDD23400812FED /* SceneDelegate.swift */,
				FD25100829EDD23400812FED /* AppDelegate.swift */,
				FD25101129EDD23400812FED /* Assets.xcassets */,
				FD25101629EDD23400812FED /* Info.plist */,
			);
			path = ContactList;
			sourceTree = "<group>";
		};
		FD676C4529EECC010095B432 /* ViewControllers */ = {
			isa = PBXGroup;
			children = (
				FD676C4929EECEA40095B432 /* TabBarController.swift */,
				FD676C4129EE54F60095B432 /* ContactTableViewController.swift */,
				FD676C4329EEC8110095B432 /* DetailContactViewController.swift */,
				FD676C4B29EEE4C50095B432 /* FullContactTableViewController.swift */,
			);
			path = ViewControllers;
			sourceTree = "<group>";
		};
		FD676C4629EECC140095B432 /* Storyboards */ = {
			isa = PBXGroup;
			children = (
				FD25100E29EDD23400812FED /* Main.storyboard */,
				FD25101329EDD23400812FED /* LaunchScreen.storyboard */,
			);
			path = Storyboards;
			sourceTree = "<group>";
		};
		FD676C4729EECC290095B432 /* Models */ = {
			isa = PBXGroup;
			children = (
				FD25101C29EDD47500812FED /* Person.swift */,
			);
			path = Models;
			sourceTree = "<group>";
		};
		FD676C4829EECC4C0095B432 /* Services */ = {
			isa = PBXGroup;
			children = (
				FD25101E29EDD48200812FED /* DataStore.swift */,
			);
			path = Services;
			sourceTree = "<group>";
		};
/* End PBXGroup section */

/* Begin PBXNativeTarget section */
		FD25100429EDD23400812FED /* ContactList */ = {
			isa = PBXNativeTarget;
			buildConfigurationList = FD25101929EDD23400812FED /* Build configuration list for PBXNativeTarget "ContactList" */;
			buildPhases = (
				FD25100129EDD23400812FED /* Sources */,
				FD25100229EDD23400812FED /* Frameworks */,
				FD25100329EDD23400812FED /* Resources */,
			);
			buildRules = (
			);
			dependencies = (
			);
			name = ContactList;
			productName = ContactList;
			productReference = FD25100529EDD23400812FED /* ContactList.app */;
			productType = "com.apple.product-type.application";
		};
/* End PBXNativeTarget section */

/* Begin PBXProject section */
		FD250FFD29EDD23400812FED /* Project object */ = {
			isa = PBXProject;
			attributes = {
				BuildIndependentTargetsInParallel = 1;
				LastSwiftUpdateCheck = 1430;
				LastUpgradeCheck = 1430;
				TargetAttributes = {
					FD25100429EDD23400812FED = {
						CreatedOnToolsVersion = 14.3;
					};
				};
			};
			buildConfigurationList = FD25100029EDD23400812FED /* Build configuration list for PBXProject "ContactList" */;
			compatibilityVersion = "Xcode 14.0";
			developmentRegion = en;
			hasScannedForEncodings = 0;
			knownRegions = (
				en,
				Base,
			);
			mainGroup = FD250FFC29EDD23400812FED;
			productRefGroup = FD25100629EDD23400812FED /* Products */;
			projectDirPath = "";
			projectRoot = "";
			targets = (
				FD25100429EDD23400812FED /* ContactList */,
			);
		};
/* End PBXProject section */

/* Begin PBXResourcesBuildPhase section */
		FD25100329EDD23400812FED /* Resources */ = {
			isa = PBXResourcesBuildPhase;
			buildActionMask = 2147483647;
			files = (
				FD25101529EDD23400812FED /* LaunchScreen.storyboard in Resources */,
				FD25101229EDD23400812FED /* Assets.xcassets in Resources */,
				FD25101029EDD23400812FED /* Main.storyboard in Resources */,
			);
			runOnlyForDeploymentPostprocessing = 0;
		};
/* End PBXResourcesBuildPhase section */

/* Begin PBXSourcesBuildPhase section */
		FD25100129EDD23400812FED /* Sources */ = {
			isa = PBXSourcesBuildPhase;
			buildActionMask = 2147483647;
			files = (
				FD25101D29EDD47500812FED /* Person.swift in Sources */,
				FD25101F29EDD48200812FED /* DataStore.swift in Sources */,
				FD676C4229EE54F60095B432 /* ContactTableViewController.swift in Sources */,
				FD25100929EDD23400812FED /* AppDelegate.swift in Sources */,
				FD676C4A29EECEA40095B432 /* TabBarController.swift in Sources */,
				FD676C4C29EEE4C50095B432 /* FullContactTableViewController.swift in Sources */,
				FD676C4429EEC8110095B432 /* DetailContactViewController.swift in Sources */,
				FD25100B29EDD23400812FED /* SceneDelegate.swift in Sources */,
			);
			runOnlyForDeploymentPostprocessing = 0;
		};
/* End PBXSourcesBuildPhase section */

/* Begin PBXVariantGroup section */
		FD25100E29EDD23400812FED /* Main.storyboard */ = {
			isa = PBXVariantGroup;
			children = (
				FD25100F29EDD23400812FED /* Base */,
			);
			name = Main.storyboard;
			sourceTree = "<group>";
		};
		FD25101329EDD23400812FED /* LaunchScreen.storyboard */ = {
			isa = PBXVariantGroup;
			children = (
				FD25101429EDD23400812FED /* Base */,
			);
			name = LaunchScreen.storyboard;
			sourceTree = "<group>";
		};
/* End PBXVariantGroup section */

/* Begin XCBuildConfiguration section */
		FD25101729EDD23400812FED /* Debug */ = {
			isa = XCBuildConfiguration;
			buildSettings = {
				ALWAYS_SEARCH_USER_PATHS = NO;
				CLANG_ANALYZER_NONNULL = YES;
				CLANG_ANALYZER_NUMBER_OBJECT_CONVERSION = YES_AGGRESSIVE;
				CLANG_CXX_LANGUAGE_STANDARD = "gnu++20";
				CLANG_ENABLE_MODULES = YES;
				CLANG_ENABLE_OBJC_ARC = YES;
				CLANG_ENABLE_OBJC_WEAK = YES;
				CLANG_WARN_BLOCK_CAPTURE_AUTORELEASING = YES;
				CLANG_WARN_BOOL_CONVERSION = YES;
				CLANG_WARN_COMMA = YES;
				CLANG_WARN_CONSTANT_CONVERSION = YES;
				CLANG_WARN_DEPRECATED_OBJC_IMPLEMENTATIONS = YES;
				CLANG_WARN_DIRECT_OBJC_ISA_USAGE = YES_ERROR;
				CLANG_WARN_DOCUMENTATION_COMMENTS = YES;
				CLANG_WARN_EMPTY_BODY = YES;
				CLANG_WARN_ENUM_CONVERSION = YES;
				CLANG_WARN_INFINITE_RECURSION = YES;
				CLANG_WARN_INT_CONVERSION = YES;
				CLANG_WARN_NON_LITERAL_NULL_CONVERSION = YES;
				CLANG_WARN_OBJC_IMPLICIT_RETAIN_SELF = YES;
				CLANG_WARN_OBJC_LITERAL_CONVERSION = YES;
				CLANG_WARN_OBJC_ROOT_CLASS = YES_ERROR;
				CLANG_WARN_QUOTED_INCLUDE_IN_FRAMEWORK_HEADER = YES;
				CLANG_WARN_RANGE_LOOP_ANALYSIS = YES;
				CLANG_WARN_STRICT_PROTOTYPES = YES;
				CLANG_WARN_SUSPICIOUS_MOVE = YES;
				CLANG_WARN_UNGUARDED_AVAILABILITY = YES_AGGRESSIVE;
				CLANG_WARN_UNREACHABLE_CODE = YES;
				CLANG_WARN__DUPLICATE_METHOD_MATCH = YES;
				COPY_PHASE_STRIP = NO;
				DEBUG_INFORMATION_FORMAT = dwarf;
				ENABLE_STRICT_OBJC_MSGSEND = YES;
				ENABLE_TESTABILITY = YES;
				GCC_C_LANGUAGE_STANDARD = gnu11;
				GCC_DYNAMIC_NO_PIC = NO;
				GCC_NO_COMMON_BLOCKS = YES;
				GCC_OPTIMIZATION_LEVEL = 0;
				GCC_PREPROCESSOR_DEFINITIONS = (
					"DEBUG=1",
					"$(inherited)",
				);
				GCC_WARN_64_TO_32_BIT_CONVERSION = YES;
				GCC_WARN_ABOUT_RETURN_TYPE = YES_ERROR;
				GCC_WARN_UNDECLARED_SELECTOR = YES;
				GCC_WARN_UNINITIALIZED_AUTOS = YES_AGGRESSIVE;
				GCC_WARN_UNUSED_FUNCTION = YES;
				GCC_WARN_UNUSED_VARIABLE = YES;
				IPHONEOS_DEPLOYMENT_TARGET = 16.4;
				MTL_ENABLE_DEBUG_INFO = INCLUDE_SOURCE;
				MTL_FAST_MATH = YES;
				ONLY_ACTIVE_ARCH = YES;
				SDKROOT = iphoneos;
				SWIFT_ACTIVE_COMPILATION_CONDITIONS = DEBUG;
				SWIFT_OPTIMIZATION_LEVEL = "-Onone";
			};
			name = Debug;
		};
		FD25101829EDD23400812FED /* Release */ = {
			isa = XCBuildConfiguration;
			buildSettings = {
				ALWAYS_SEARCH_USER_PATHS = NO;
				CLANG_ANALYZER_NONNULL = YES;
				CLANG_ANALYZER_NUMBER_OBJECT_CONVERSION = YES_AGGRESSIVE;
				CLANG_CXX_LANGUAGE_STANDARD = "gnu++20";
				CLANG_ENABLE_MODULES = YES;
				CLANG_ENABLE_OBJC_ARC = YES;
				CLANG_ENABLE_OBJC_WEAK = YES;
				CLANG_WARN_BLOCK_CAPTURE_AUTORELEASING = YES;
				CLANG_WARN_BOOL_CONVERSION = YES;
				CLANG_WARN_COMMA = YES;
				CLANG_WARN_CONSTANT_CONVERSION = YES;
				CLANG_WARN_DEPRECATED_OBJC_IMPLEMENTATIONS = YES;
				CLANG_WARN_DIRECT_OBJC_ISA_USAGE = YES_ERROR;
				CLANG_WARN_DOCUMENTATION_COMMENTS = YES;
				CLANG_WARN_EMPTY_BODY = YES;
				CLANG_WARN_ENUM_CONVERSION = YES;
				CLANG_WARN_INFINITE_RECURSION = YES;
				CLANG_WARN_INT_CONVERSION = YES;
				CLANG_WARN_NON_LITERAL_NULL_CONVERSION = YES;
				CLANG_WARN_OBJC_IMPLICIT_RETAIN_SELF = YES;
				CLANG_WARN_OBJC_LITERAL_CONVERSION = YES;
				CLANG_WARN_OBJC_ROOT_CLASS = YES_ERROR;
				CLANG_WARN_QUOTED_INCLUDE_IN_FRAMEWORK_HEADER = YES;
				CLANG_WARN_RANGE_LOOP_ANALYSIS = YES;
				CLANG_WARN_STRICT_PROTOTYPES = YES;
				CLANG_WARN_SUSPICIOUS_MOVE = YES;
				CLANG_WARN_UNGUARDED_AVAILABILITY = YES_AGGRESSIVE;
				CLANG_WARN_UNREACHABLE_CODE = YES;
				CLANG_WARN__DUPLICATE_METHOD_MATCH = YES;
				COPY_PHASE_STRIP = NO;
				DEBUG_INFORMATION_FORMAT = "dwarf-with-dsym";
				ENABLE_NS_ASSERTIONS = NO;
				ENABLE_STRICT_OBJC_MSGSEND = YES;
				GCC_C_LANGUAGE_STANDARD = gnu11;
				GCC_NO_COMMON_BLOCKS = YES;
				GCC_WARN_64_TO_32_BIT_CONVERSION = YES;
				GCC_WARN_ABOUT_RETURN_TYPE = YES_ERROR;
				GCC_WARN_UNDECLARED_SELECTOR = YES;
				GCC_WARN_UNINITIALIZED_AUTOS = YES_AGGRESSIVE;
				GCC_WARN_UNUSED_FUNCTION = YES;
				GCC_WARN_UNUSED_VARIABLE = YES;
				IPHONEOS_DEPLOYMENT_TARGET = 16.4;
				MTL_ENABLE_DEBUG_INFO = NO;
				MTL_FAST_MATH = YES;
				SDKROOT = iphoneos;
				SWIFT_COMPILATION_MODE = wholemodule;
				SWIFT_OPTIMIZATION_LEVEL = "-O";
				VALIDATE_PRODUCT = YES;
			};
			name = Release;
		};
		FD25101A29EDD23400812FED /* Debug */ = {
			isa = XCBuildConfiguration;
			buildSettings = {
				ASSETCATALOG_COMPILER_APPICON_NAME = AppIcon;
				ASSETCATALOG_COMPILER_GLOBAL_ACCENT_COLOR_NAME = AccentColor;
				CODE_SIGN_STYLE = Automatic;
				CURRENT_PROJECT_VERSION = 1;
				DEVELOPMENT_TEAM = BMFF8ZNZAT;
				GENERATE_INFOPLIST_FILE = YES;
				INFOPLIST_FILE = ContactList/Info.plist;
				INFOPLIST_KEY_UIApplicationSupportsIndirectInputEvents = YES;
				INFOPLIST_KEY_UILaunchStoryboardName = LaunchScreen;
				INFOPLIST_KEY_UIMainStoryboardFile = Main;
				INFOPLIST_KEY_UISupportedInterfaceOrientations = UIInterfaceOrientationPortrait;
				INFOPLIST_KEY_UISupportedInterfaceOrientations_iPad = "UIInterfaceOrientationLandscapeLeft UIInterfaceOrientationLandscapeRight UIInterfaceOrientationPortrait UIInterfaceOrientationPortraitUpsideDown";
				IPHONEOS_DEPLOYMENT_TARGET = 15.0;
				LD_RUNPATH_SEARCH_PATHS = (
					"$(inherited)",
					"@executable_path/Frameworks",
				);
				MARKETING_VERSION = 1.0;
				PRODUCT_BUNDLE_IDENTIFIER = "Kasharin-M.ContactList";
				PRODUCT_NAME = "$(TARGET_NAME)";
				SUPPORTED_PLATFORMS = "iphoneos iphonesimulator";
				SUPPORTS_MACCATALYST = NO;
				SUPPORTS_MAC_DESIGNED_FOR_IPHONE_IPAD = NO;
				SWIFT_EMIT_LOC_STRINGS = YES;
				SWIFT_VERSION = 5.0;
				TARGETED_DEVICE_FAMILY = 1;
			};
			name = Debug;
		};
		FD25101B29EDD23400812FED /* Release */ = {
			isa = XCBuildConfiguration;
			buildSettings = {
				ASSETCATALOG_COMPILER_APPICON_NAME = AppIcon;
				ASSETCATALOG_COMPILER_GLOBAL_ACCENT_COLOR_NAME = AccentColor;
				CODE_SIGN_STYLE = Automatic;
				CURRENT_PROJECT_VERSION = 1;
				DEVELOPMENT_TEAM = BMFF8ZNZAT;
				GENERATE_INFOPLIST_FILE = YES;
				INFOPLIST_FILE = ContactList/Info.plist;
				INFOPLIST_KEY_UIApplicationSupportsIndirectInputEvents = YES;
				INFOPLIST_KEY_UILaunchStoryboardName = LaunchScreen;
				INFOPLIST_KEY_UIMainStoryboardFile = Main;
				INFOPLIST_KEY_UISupportedInterfaceOrientations = UIInterfaceOrientationPortrait;
				INFOPLIST_KEY_UISupportedInterfaceOrientations_iPad = "UIInterfaceOrientationLandscapeLeft UIInterfaceOrientationLandscapeRight UIInterfaceOrientationPortrait UIInterfaceOrientationPortraitUpsideDown";
				IPHONEOS_DEPLOYMENT_TARGET = 15.0;
				LD_RUNPATH_SEARCH_PATHS = (
					"$(inherited)",
					"@executable_path/Frameworks",
				);
				MARKETING_VERSION = 1.0;
				PRODUCT_BUNDLE_IDENTIFIER = "Kasharin-M.ContactList";
				PRODUCT_NAME = "$(TARGET_NAME)";
				SUPPORTED_PLATFORMS = "iphoneos iphonesimulator";
				SUPPORTS_MACCATALYST = NO;
				SUPPORTS_MAC_DESIGNED_FOR_IPHONE_IPAD = NO;
				SWIFT_EMIT_LOC_STRINGS = YES;
				SWIFT_VERSION = 5.0;
				TARGETED_DEVICE_FAMILY = 1;
			};
			name = Release;
		};
/* End XCBuildConfiguration section */

/* Begin XCConfigurationList section */
		FD25100029EDD23400812FED /* Build configuration list for PBXProject "ContactList" */ = {
			isa = XCConfigurationList;
			buildConfigurations = (
				FD25101729EDD23400812FED /* Debug */,
				FD25101829EDD23400812FED /* Release */,
			);
			defaultConfigurationIsVisible = 0;
			defaultConfigurationName = Release;
		};
		FD25101929EDD23400812FED /* Build configuration list for PBXNativeTarget "ContactList" */ = {
			isa = XCConfigurationList;
			buildConfigurations = (
				FD25101A29EDD23400812FED /* Debug */,
				FD25101B29EDD23400812FED /* Release */,
			);
			defaultConfigurationIsVisible = 0;
			defaultConfigurationName = Release;
		};
/* End XCConfigurationList section */
	};
	rootObject = FD250FFD29EDD23400812FED /* Project object */;
}
